// !$*UTF8*$!
{
	archiveVersion = 1;
	classes = {
	};
	objectVersion = 50;
	objects = {

/* Begin PBXBuildFile section */
		1EFA92E7215229A400ABA26E /* AppDelegate.m in Sources */ = {isa = PBXBuildFile; fileRef = 1EFA92E6215229A400ABA26E /* AppDelegate.m */; };
		1EFA92EA215229A400ABA26E /* ViewController.m in Sources */ = {isa = PBXBuildFile; fileRef = 1EFA92E9215229A400ABA26E /* ViewController.m */; };
		1EFA92EC215229A400ABA26E /* Assets.xcassets in Resources */ = {isa = PBXBuildFile; fileRef = 1EFA92EB215229A400ABA26E /* Assets.xcassets */; };
		1EFA92EF215229A400ABA26E /* Main.storyboard in Resources */ = {isa = PBXBuildFile; fileRef = 1EFA92ED215229A400ABA26E /* Main.storyboard */; };
		1EFA92F2215229A400ABA26E /* main.m in Sources */ = {isa = PBXBuildFile; fileRef = 1EFA92F1215229A400ABA26E /* main.m */; };
		1EFA92FD215229A500ABA26E /* AlgorithmsTests.m in Sources */ = {isa = PBXBuildFile; fileRef = 1EFA92FC215229A500ABA26E /* AlgorithmsTests.m */; };
		1EFA930921522A8400ABA26E /* BinarySearch.m in Sources */ = {isa = PBXBuildFile; fileRef = 1EFA930821522A8400ABA26E /* BinarySearch.m */; };
/* End PBXBuildFile section */

/* Begin PBXContainerItemProxy section */
		1EFA92F9215229A500ABA26E /* PBXContainerItemProxy */ = {
			isa = PBXContainerItemProxy;
			containerPortal = 1EFA92DA215229A400ABA26E /* Project object */;
			proxyType = 1;
			remoteGlobalIDString = 1EFA92E1215229A400ABA26E;
			remoteInfo = Algorithms;
		};
/* End PBXContainerItemProxy section */

/* Begin PBXFileReference section */
		1EFA92E2215229A400ABA26E /* Algorithms.app */ = {isa = PBXFileReference; explicitFileType = wrapper.application; includeInIndex = 0; path = Algorithms.app; sourceTree = BUILT_PRODUCTS_DIR; };
		1EFA92E5215229A400ABA26E /* AppDelegate.h */ = {isa = PBXFileReference; lastKnownFileType = sourcecode.c.h; path = AppDelegate.h; sourceTree = "<group>"; };
		1EFA92E6215229A400ABA26E /* AppDelegate.m */ = {isa = PBXFileReference; lastKnownFileType = sourcecode.c.objc; path = AppDelegate.m; sourceTree = "<group>"; };
		1EFA92E8215229A400ABA26E /* ViewController.h */ = {isa = PBXFileReference; lastKnownFileType = sourcecode.c.h; path = ViewController.h; sourceTree = "<group>"; };
		1EFA92E9215229A400ABA26E /* ViewController.m */ = {isa = PBXFileReference; lastKnownFileType = sourcecode.c.objc; path = ViewController.m; sourceTree = "<group>"; };
		1EFA92EB215229A400ABA26E /* Assets.xcassets */ = {isa = PBXFileReference; lastKnownFileType = folder.assetcatalog; path = Assets.xcassets; sourceTree = "<group>"; };
		1EFA92EE215229A400ABA26E /* Base */ = {isa = PBXFileReference; lastKnownFileType = file.storyboard; name = Base; path = Base.lproj/Main.storyboard; sourceTree = "<group>"; };
		1EFA92F0215229A400ABA26E /* Info.plist */ = {isa = PBXFileReference; lastKnownFileType = text.plist.xml; path = Info.plist; sourceTree = "<group>"; };
		1EFA92F1215229A400ABA26E /* main.m */ = {isa = PBXFileReference; lastKnownFileType = sourcecode.c.objc; path = main.m; sourceTree = "<group>"; };
		1EFA92F3215229A400ABA26E /* Algorithms.entitlements */ = {isa = PBXFileReference; lastKnownFileType = text.plist.entitlements; path = Algorithms.entitlements; sourceTree = "<group>"; };
		1EFA92F8215229A500ABA26E /* AlgorithmsTests.xctest */ = {isa = PBXFileReference; explicitFileType = wrapper.cfbundle; includeInIndex = 0; path = AlgorithmsTests.xctest; sourceTree = BUILT_PRODUCTS_DIR; };
		1EFA92FC215229A500ABA26E /* AlgorithmsTests.m */ = {isa = PBXFileReference; lastKnownFileType = sourcecode.c.objc; path = AlgorithmsTests.m; sourceTree = "<group>"; };
		1EFA92FE215229A500ABA26E /* Info.plist */ = {isa = PBXFileReference; lastKnownFileType = text.plist.xml; path = Info.plist; sourceTree = "<group>"; };
		1EFA930721522A8400ABA26E /* BinarySearch.h */ = {isa = PBXFileReference; lastKnownFileType = sourcecode.c.h; path = BinarySearch.h; sourceTree = "<group>"; };
		1EFA930821522A8400ABA26E /* BinarySearch.m */ = {isa = PBXFileReference; lastKnownFileType = sourcecode.c.objc; path = BinarySearch.m; sourceTree = "<group>"; };
/* End PBXFileReference section */

/* Begin PBXFrameworksBuildPhase section */
		1EFA92DF215229A400ABA26E /* Frameworks */ = {
			isa = PBXFrameworksBuildPhase;
			buildActionMask = 2147483647;
			files = (
			);
			runOnlyForDeploymentPostprocessing = 0;
		};
		1EFA92F5215229A500ABA26E /* Frameworks */ = {
			isa = PBXFrameworksBuildPhase;
			buildActionMask = 2147483647;
			files = (
			);
			runOnlyForDeploymentPostprocessing = 0;
		};
/* End PBXFrameworksBuildPhase section */

/* Begin PBXGroup section */
		1EFA92D9215229A400ABA26E = {
			isa = PBXGroup;
			children = (
				1EFA92E4215229A400ABA26E /* Algorithms */,
				1EFA92FB215229A500ABA26E /* AlgorithmsTests */,
				1EFA92E3215229A400ABA26E /* Products */,
			);
			sourceTree = "<group>";
		};
		1EFA92E3215229A400ABA26E /* Products */ = {
			isa = PBXGroup;
			children = (
				1EFA92E2215229A400ABA26E /* Algorithms.app */,
				1EFA92F8215229A500ABA26E /* AlgorithmsTests.xctest */,
			);
			name = Products;
			sourceTree = "<group>";
		};
		1EFA92E4215229A400ABA26E /* Algorithms */ = {
			isa = PBXGroup;
			children = (
				1EFA930A21522A9700ABA26E /* SupportingFiles */,
				1EFA930721522A8400ABA26E /* BinarySearch.h */,
				1EFA930821522A8400ABA26E /* BinarySearch.m */,
			);
			path = Algorithms;
			sourceTree = "<group>";
		};
		1EFA92FB215229A500ABA26E /* AlgorithmsTests */ = {
			isa = PBXGroup;
			children = (
				1EFA92FC215229A500ABA26E /* AlgorithmsTests.m */,
				1EFA92FE215229A500ABA26E /* Info.plist */,
			);
			path = AlgorithmsTests;
			sourceTree = "<group>";
		};
		1EFA930A21522A9700ABA26E /* SupportingFiles */ = {
			isa = PBXGroup;
			children = (
				1EFA92E5215229A400ABA26E /* AppDelegate.h */,
				1EFA92E6215229A400ABA26E /* AppDelegate.m */,
				1EFA92E8215229A400ABA26E /* ViewController.h */,
				1EFA92E9215229A400ABA26E /* ViewController.m */,
				1EFA92EB215229A400ABA26E /* Assets.xcassets */,
				1EFA92ED215229A400ABA26E /* Main.storyboard */,
				1EFA92F0215229A400ABA26E /* Info.plist */,
				1EFA92F1215229A400ABA26E /* main.m */,
				1EFA92F3215229A400ABA26E /* Algorithms.entitlements */,
			);
			path = SupportingFiles;
			sourceTree = "<group>";
		};
/* End PBXGroup section */

/* Begin PBXNativeTarget section */
		1EFA92E1215229A400ABA26E /* Algorithms */ = {
			isa = PBXNativeTarget;
			buildConfigurationList = 1EFA9301215229A500ABA26E /* Build configuration list for PBXNativeTarget "Algorithms" */;
			buildPhases = (
				1EFA92DE215229A400ABA26E /* Sources */,
				1EFA92DF215229A400ABA26E /* Frameworks */,
				1EFA92E0215229A400ABA26E /* Resources */,
			);
			buildRules = (
			);
			dependencies = (
			);
			name = Algorithms;
			productName = Algorithms;
			productReference = 1EFA92E2215229A400ABA26E /* Algorithms.app */;
			productType = "com.apple.product-type.application";
		};
		1EFA92F7215229A500ABA26E /* AlgorithmsTests */ = {
			isa = PBXNativeTarget;
			buildConfigurationList = 1EFA9304215229A500ABA26E /* Build configuration list for PBXNativeTarget "AlgorithmsTests" */;
			buildPhases = (
				1EFA92F4215229A500ABA26E /* Sources */,
				1EFA92F5215229A500ABA26E /* Frameworks */,
				1EFA92F6215229A500ABA26E /* Resources */,
			);
			buildRules = (
			);
			dependencies = (
				1EFA92FA215229A500ABA26E /* PBXTargetDependency */,
			);
			name = AlgorithmsTests;
			productName = AlgorithmsTests;
			productReference = 1EFA92F8215229A500ABA26E /* AlgorithmsTests.xctest */;
			productType = "com.apple.product-type.bundle.unit-test";
		};
/* End PBXNativeTarget section */

/* Begin PBXProject section */
		1EFA92DA215229A400ABA26E /* Project object */ = {
			isa = PBXProject;
			attributes = {
				LastUpgradeCheck = 0940;
				ORGANIZATIONNAME = "Kamil Kwiatkowski";
				TargetAttributes = {
					1EFA92E1215229A400ABA26E = {
						CreatedOnToolsVersion = 9.4.1;
					};
					1EFA92F7215229A500ABA26E = {
						CreatedOnToolsVersion = 9.4.1;
						TestTargetID = 1EFA92E1215229A400ABA26E;
					};
				};
			};
			buildConfigurationList = 1EFA92DD215229A400ABA26E /* Build configuration list for PBXProject "Algorithms" */;
			compatibilityVersion = "Xcode 9.3";
			developmentRegion = en;
			hasScannedForEncodings = 0;
			knownRegions = (
				en,
				Base,
			);
			mainGroup = 1EFA92D9215229A400ABA26E;
			productRefGroup = 1EFA92E3215229A400ABA26E /* Products */;
			projectDirPath = "";
			projectRoot = "";
			targets = (
				1EFA92E1215229A400ABA26E /* Algorithms */,
				1EFA92F7215229A500ABA26E /* AlgorithmsTests */,
			);
		};
/* End PBXProject section */

/* Begin PBXResourcesBuildPhase section */
		1EFA92E0215229A400ABA26E /* Resources */ = {
			isa = PBXResourcesBuildPhase;
			buildActionMask = 2147483647;
			files = (
				1EFA92EC215229A400ABA26E /* Assets.xcassets in Resources */,
				1EFA92EF215229A400ABA26E /* Main.storyboard in Resources */,
			);
			runOnlyForDeploymentPostprocessing = 0;
		};
		1EFA92F6215229A500ABA26E /* Resources */ = {
			isa = PBXResourcesBuildPhase;
			buildActionMask = 2147483647;
			files = (
			);
			runOnlyForDeploymentPostprocessing = 0;
		};
/* End PBXResourcesBuildPhase section */

/* Begin PBXSourcesBuildPhase section */
		1EFA92DE215229A400ABA26E /* Sources */ = {
			isa = PBXSourcesBuildPhase;
			buildActionMask = 2147483647;
			files = (
				1EFA930921522A8400ABA26E /* BinarySearch.m in Sources */,
				1EFA92EA215229A400ABA26E /* ViewController.m in Sources */,
				1EFA92F2215229A400ABA26E /* main.m in Sources */,
				1EFA92E7215229A400ABA26E /* AppDelegate.m in Sources */,
			);
			runOnlyForDeploymentPostprocessing = 0;
		};
		1EFA92F4215229A500ABA26E /* Sources */ = {
			isa = PBXSourcesBuildPhase;
			buildActionMask = 2147483647;
			files = (
				1EFA92FD215229A500ABA26E /* AlgorithmsTests.m in Sources */,
			);
			runOnlyForDeploymentPostprocessing = 0;
		};
/* End PBXSourcesBuildPhase section */

/* Begin PBXTargetDependency section */
		1EFA92FA215229A500ABA26E /* PBXTargetDependency */ = {
			isa = PBXTargetDependency;
			target = 1EFA92E1215229A400ABA26E /* Algorithms */;
			targetProxy = 1EFA92F9215229A500ABA26E /* PBXContainerItemProxy */;
		};
/* End PBXTargetDependency section */

/* Begin PBXVariantGroup section */
		1EFA92ED215229A400ABA26E /* Main.storyboard */ = {
			isa = PBXVariantGroup;
			children = (
				1EFA92EE215229A400ABA26E /* Base */,
			);
			name = Main.storyboard;
			sourceTree = "<group>";
		};
/* End PBXVariantGroup section */

/* Begin XCBuildConfiguration section */
		1EFA92FF215229A500ABA26E /* Debug */ = {
			isa = XCBuildConfiguration;
			buildSettings = {
				ALWAYS_SEARCH_USER_PATHS = NO;
				CLANG_ANALYZER_NONNULL = YES;
				CLANG_ANALYZER_NUMBER_OBJECT_CONVERSION = YES_AGGRESSIVE;
				CLANG_CXX_LANGUAGE_STANDARD = "gnu++14";
				CLANG_CXX_LIBRARY = "libc++";
				CLANG_ENABLE_MODULES = YES;
				CLANG_ENABLE_OBJC_ARC = YES;
				CLANG_ENABLE_OBJC_WEAK = YES;
				CLANG_WARN_BLOCK_CAPTURE_AUTORELEASING = YES;
				CLANG_WARN_BOOL_CONVERSION = YES;
				CLANG_WARN_COMMA = YES;
				CLANG_WARN_CONSTANT_CONVERSION = YES;
				CLANG_WARN_DEPRECATED_OBJC_IMPLEMENTATIONS = YES;
				CLANG_WARN_DIRECT_OBJC_ISA_USAGE = YES_ERROR;
				CLANG_WARN_DOCUMENTATION_COMMENTS = YES;
				CLANG_WARN_EMPTY_BODY = YES;
				CLANG_WARN_ENUM_CONVERSION = YES;
				CLANG_WARN_INFINITE_RECURSION = YES;
				CLANG_WARN_INT_CONVERSION = YES;
				CLANG_WARN_NON_LITERAL_NULL_CONVERSION = YES;
				CLANG_WARN_OBJC_IMPLICIT_RETAIN_SELF = YES;
				CLANG_WARN_OBJC_LITERAL_CONVERSION = YES;
				CLANG_WARN_OBJC_ROOT_CLASS = YES_ERROR;
				CLANG_WARN_RANGE_LOOP_ANALYSIS = YES;
				CLANG_WARN_STRICT_PROTOTYPES = YES;
				CLANG_WARN_SUSPICIOUS_MOVE = YES;
				CLANG_WARN_UNGUARDED_AVAILABILITY = YES_AGGRESSIVE;
				CLANG_WARN_UNREACHABLE_CODE = YES;
				CLANG_WARN__DUPLICATE_METHOD_MATCH = YES;
				CODE_SIGN_IDENTITY = "Mac Developer";
				COPY_PHASE_STRIP = NO;
				DEBUG_INFORMATION_FORMAT = dwarf;
				ENABLE_STRICT_OBJC_MSGSEND = YES;
				ENABLE_TESTABILITY = YES;
				GCC_C_LANGUAGE_STANDARD = gnu11;
				GCC_DYNAMIC_NO_PIC = NO;
				GCC_NO_COMMON_BLOCKS = YES;
				GCC_OPTIMIZATION_LEVEL = 0;
				GCC_PREPROCESSOR_DEFINITIONS = (
					"DEBUG=1",
					"$(inherited)",
				);
				GCC_WARN_64_TO_32_BIT_CONVERSION = YES;
				GCC_WARN_ABOUT_RETURN_TYPE = YES_ERROR;
				GCC_WARN_UNDECLARED_SELECTOR = YES;
				GCC_WARN_UNINITIALIZED_AUTOS = YES_AGGRESSIVE;
				GCC_WARN_UNUSED_FUNCTION = YES;
				GCC_WARN_UNUSED_VARIABLE = YES;
				MACOSX_DEPLOYMENT_TARGET = 10.13;
				MTL_ENABLE_DEBUG_INFO = YES;
				ONLY_ACTIVE_ARCH = YES;
				SDKROOT = macosx;
			};
			name = Debug;
		};
		1EFA9300215229A500ABA26E /* Release */ = {
			isa = XCBuildConfiguration;
			buildSettings = {
				ALWAYS_SEARCH_USER_PATHS = NO;
				CLANG_ANALYZER_NONNULL = YES;
				CLANG_ANALYZER_NUMBER_OBJECT_CONVERSION = YES_AGGRESSIVE;
				CLANG_CXX_LANGUAGE_STANDARD = "gnu++14";
				CLANG_CXX_LIBRARY = "libc++";
				CLANG_ENABLE_MODULES = YES;
				CLANG_ENABLE_OBJC_ARC = YES;
				CLANG_ENABLE_OBJC_WEAK = YES;
				CLANG_WARN_BLOCK_CAPTURE_AUTORELEASING = YES;
				CLANG_WARN_BOOL_CONVERSION = YES;
				CLANG_WARN_COMMA = YES;
				CLANG_WARN_CONSTANT_CONVERSION = YES;
				CLANG_WARN_DEPRECATED_OBJC_IMPLEMENTATIONS = YES;
				CLANG_WARN_DIRECT_OBJC_ISA_USAGE = YES_ERROR;
				CLANG_WARN_DOCUMENTATION_COMMENTS = YES;
				CLANG_WARN_EMPTY_BODY = YES;
				CLANG_WARN_ENUM_CONVERSION = YES;
				CLANG_WARN_INFINITE_RECURSION = YES;
				CLANG_WARN_INT_CONVERSION = YES;
				CLANG_WARN_NON_LITERAL_NULL_CONVERSION = YES;
				CLANG_WARN_OBJC_IMPLICIT_RETAIN_SELF = YES;
				CLANG_WARN_OBJC_LITERAL_CONVERSION = YES;
				CLANG_WARN_OBJC_ROOT_CLASS = YES_ERROR;
				CLANG_WARN_RANGE_LOOP_ANALYSIS = YES;
				CLANG_WARN_STRICT_PROTOTYPES = YES;
				CLANG_WARN_SUSPICIOUS_MOVE = YES;
				CLANG_WARN_UNGUARDED_AVAILABILITY = YES_AGGRESSIVE;
				CLANG_WARN_UNREACHABLE_CODE = YES;
				CLANG_WARN__DUPLICATE_METHOD_MATCH = YES;
				CODE_SIGN_IDENTITY = "Mac Developer";
				COPY_PHASE_STRIP = NO;
				DEBUG_INFORMATION_FORMAT = "dwarf-with-dsym";
				ENABLE_NS_ASSERTIONS = NO;
				ENABLE_STRICT_OBJC_MSGSEND = YES;
				GCC_C_LANGUAGE_STANDARD = gnu11;
				GCC_NO_COMMON_BLOCKS = YES;
				GCC_WARN_64_TO_32_BIT_CONVERSION = YES;
				GCC_WARN_ABOUT_RETURN_TYPE = YES_ERROR;
				GCC_WARN_UNDECLARED_SELECTOR = YES;
				GCC_WARN_UNINITIALIZED_AUTOS = YES_AGGRESSIVE;
				GCC_WARN_UNUSED_FUNCTION = YES;
				GCC_WARN_UNUSED_VARIABLE = YES;
				MACOSX_DEPLOYMENT_TARGET = 10.13;
				MTL_ENABLE_DEBUG_INFO = NO;
				SDKROOT = macosx;
			};
			name = Release;
		};
		1EFA9302215229A500ABA26E /* Debug */ = {
			isa = XCBuildConfiguration;
			buildSettings = {
				ASSETCATALOG_COMPILER_APPICON_NAME = AppIcon;
				CODE_SIGN_ENTITLEMENTS = Algorithms/SupportingFiles/Algorithms.entitlements;
				CODE_SIGN_STYLE = Automatic;
				COMBINE_HIDPI_IMAGES = YES;
				DEVELOPMENT_TEAM = 3E4BQMHR3R;
				INFOPLIST_FILE = Algorithms/SupportingFiles/Info.plist;
				LD_RUNPATH_SEARCH_PATHS = (
					"$(inherited)",
					"@executable_path/../Frameworks",
				);
				PRODUCT_BUNDLE_IDENTIFIER = DI.Algorithms;
				PRODUCT_NAME = "$(TARGET_NAME)";
			};
			name = Debug;
		};
		1EFA9303215229A500ABA26E /* Release */ = {
			isa = XCBuildConfiguration;
			buildSettings = {
				ASSETCATALOG_COMPILER_APPICON_NAME = AppIcon;
				CODE_SIGN_ENTITLEMENTS = Algorithms/SupportingFiles/Algorithms.entitlements;
				CODE_SIGN_STYLE = Automatic;
				COMBINE_HIDPI_IMAGES = YES;
				DEVELOPMENT_TEAM = 3E4BQMHR3R;
				INFOPLIST_FILE = Algorithms/SupportingFiles/Info.plist;
				LD_RUNPATH_SEARCH_PATHS = (
					"$(inherited)",
					"@executable_path/../Frameworks",
				);
				PRODUCT_BUNDLE_IDENTIFIER = DI.Algorithms;
				PRODUCT_NAME = "$(TARGET_NAME)";
			};
			name = Release;
		};
		1EFA9305215229A500ABA26E /* Debug */ = {
			isa = XCBuildConfiguration;
			buildSettings = {
				BUNDLE_LOADER = "$(TEST_HOST)";
				CODE_SIGN_STYLE = Automatic;
				COMBINE_HIDPI_IMAGES = YES;
				DEVELOPMENT_TEAM = 3E4BQMHR3R;
				INFOPLIST_FILE = AlgorithmsTests/Info.plist;
				LD_RUNPATH_SEARCH_PATHS = (
					"$(inherited)",
					"@executable_path/../Frameworks",
					"@loader_path/../Frameworks",
				);
				PRODUCT_BUNDLE_IDENTIFIER = DI.AlgorithmsTests;
				PRODUCT_NAME = "$(TARGET_NAME)";
				TEST_HOST = "$(BUILT_PRODUCTS_DIR)/Algorithms.app/Contents/MacOS/Algorithms";
			};
			name = Debug;
		};
		1EFA9306215229A500ABA26E /* Release */ = {
			isa = XCBuildConfiguration;
			buildSettings = {
				BUNDLE_LOADER = "$(TEST_HOST)";
				CODE_SIGN_STYLE = Automatic;
				COMBINE_HIDPI_IMAGES = YES;
				DEVELOPMENT_TEAM = 3E4BQMHR3R;
				INFOPLIST_FILE = AlgorithmsTests/Info.plist;
				LD_RUNPATH_SEARCH_PATHS = (
					"$(inherited)",
					"@executable_path/../Frameworks",
					"@loader_path/../Frameworks",
				);
				PRODUCT_BUNDLE_IDENTIFIER = DI.AlgorithmsTests;
				PRODUCT_NAME = "$(TARGET_NAME)";
				TEST_HOST = "$(BUILT_PRODUCTS_DIR)/Algorithms.app/Contents/MacOS/Algorithms";
			};
			name = Release;
		};
/* End XCBuildConfiguration section */

/* Begin XCConfigurationList section */
		1EFA92DD215229A400ABA26E /* Build configuration list for PBXProject "Algorithms" */ = {
			isa = XCConfigurationList;
			buildConfigurations = (
				1EFA92FF215229A500ABA26E /* Debug */,
				1EFA9300215229A500ABA26E /* Release */,
			);
			defaultConfigurationIsVisible = 0;
			defaultConfigurationName = Release;
		};
		1EFA9301215229A500ABA26E /* Build configuration list for PBXNativeTarget "Algorithms" */ = {
			isa = XCConfigurationList;
			buildConfigurations = (
				1EFA9302215229A500ABA26E /* Debug */,
				1EFA9303215229A500ABA26E /* Release */,
			);
			defaultConfigurationIsVisible = 0;
			defaultConfigurationName = Release;
		};
		1EFA9304215229A500ABA26E /* Build configuration list for PBXNativeTarget "AlgorithmsTests" */ = {
			isa = XCConfigurationList;
			buildConfigurations = (
				1EFA9305215229A500ABA26E /* Debug */,
				1EFA9306215229A500ABA26E /* Release */,
			);
			defaultConfigurationIsVisible = 0;
			defaultConfigurationName = Release;
		};
/* End XCConfigurationList section */
	};
	rootObject = 1EFA92DA215229A400ABA26E /* Project object */;
}
